Microsoft Visual Studio Solution File, Format Version 11.00
# Visual Studio 2008

Project("{B0743A4B-60DD-28A3-835B-B9C9672A6992}") = "Proyecto3Version1", "Assembly-CSharp.csproj", "{3FBB58CD-B493-96FC-40E7-70B4EF84F446}"
EndProject
Project("{B0743A4B-60DD-28A3-835B-B9C9672A6992}") = "Proyecto3Version1", "Assembly-CSharp-Editor.csproj", "{8888A7F1-9006-D141-0018-7DD45FD04CE8}"
EndProject
Project("{B0743A4B-60DD-28A3-835B-B9C9672A6992}") = "Proyecto3Version1", "Assembly-UnityScript-Editor-firstpass.unityproj", "{570645CB-93F3-2D4C-E425-4CD8C941316D}"
EndProject
Global
	GlobalSection(SolutionConfigurationPlatforms) = preSolution
		Debug|Any CPU = Debug|Any CPU
		Release|Any CPU = Release|Any CPU
	EndGlobalSection
	GlobalSection(ProjectConfigurationPlatforms) = postSolution
		{3FBB58CD-B493-96FC-40E7-70B4EF84F446}.Debug|Any CPU.ActiveCfg = Debug|Any CPU
		{3FBB58CD-B493-96FC-40E7-70B4EF84F446}.Debug|Any CPU.Build.0 = Debug|Any CPU
		{3FBB58CD-B493-96FC-40E7-70B4EF84F446}.Release|Any CPU.ActiveCfg = Release|Any CPU
		{3FBB58CD-B493-96FC-40E7-70B4EF84F446}.Release|Any CPU.Build.0 = Release|Any CPU
		{8888A7F1-9006-D141-0018-7DD45FD04CE8}.Debug|Any CPU.ActiveCfg = Debug|Any CPU
		{8888A7F1-9006-D141-0018-7DD45FD04CE8}.Debug|Any CPU.Build.0 = Debug|Any CPU
		{8888A7F1-9006-D141-0018-7DD45FD04CE8}.Release|Any CPU.ActiveCfg = Release|Any CPU
		{8888A7F1-9006-D141-0018-7DD45FD04CE8}.Release|Any CPU.Build.0 = Release|Any CPU
		{570645CB-93F3-2D4C-E425-4CD8C941316D}.Debug|Any CPU.ActiveCfg = Debug|Any CPU
		{570645CB-93F3-2D4C-E425-4CD8C941316D}.Debug|Any CPU.Build.0 = Debug|Any CPU
		{570645CB-93F3-2D4C-E425-4CD8C941316D}.Release|Any CPU.ActiveCfg = Release|Any CPU
		{570645CB-93F3-2D4C-E425-4CD8C941316D}.Release|Any CPU.Build.0 = Release|Any CPU
	EndGlobalSection
	GlobalSection(SolutionProperties) = preSolution
		HideSolutionNode = FALSE
	EndGlobalSection
															GlobalSection(MonoDevelopProperties) = preSolution
		StartupItem = Assembly-CSharp.csproj
		Policies = $0
		$0.TextStylePolicy = $1
		$1.inheritsSet = null
		$1.scope = text/x-csharp
		$0.CSharpFormattingPolicy = $2
		$2.inheritsSet = Mono
		$2.inheritsScope = text/x-csharp
		$2.scope = text/x-csharp
		$0.TextStylePolicy = $3
		$3.FileWidth = 120
		$3.TabWidth = 4
		$3.IndentWidth = 4
		$3.EolMarker = Unix
		$3.inheritsSet = Mono
		$3.inheritsScope = text/plain
		$3.scope = text/plain
	EndGlobalSection

EndGlobal
